<?xml version="1.0" encoding="utf-8"?>
<Project ToolsVersion="4.0" xmlns="http://schemas.microsoft.com/developer/msbuild/2003">
  <ItemGroup>
    <Filter Include="소스 파일">
      <UniqueIdentifier>{4FC737F1-C7A5-4376-A066-2A32D752A2FF}</UniqueIdentifier>
      <Extensions>cpp;c;cc;cxx;c++;def;odl;idl;hpj;bat;asm;asmx</Extensions>
    </Filter>
    <Filter Include="헤더 파일">
      <UniqueIdentifier>{93995380-89BD-4b04-88EB-625FBE52EBFB}</UniqueIdentifier>
      <Extensions>h;hh;hpp;hxx;h++;hm;inl;inc;ipp;xsd</Extensions>
    </Filter>
    <Filter Include="리소스 파일">
      <UniqueIdentifier>{67DA6AB6-F800-4c08-8B7A-83BB121AAD01}</UniqueIdentifier>
      <Extensions>rc;ico;cur;bmp;dlg;rc2;rct;bin;rgs;gif;jpg;jpeg;jpe;resx;tiff;tif;png;wav;mfcribbon-ms</Extensions>
    </Filter>
    <Filter Include="헤더 파일\Container">
      <UniqueIdentifier>{13f0bcbc-f538-48ab-89ed-a4420d31ea59}</UniqueIdentifier>
    </Filter>
    <Filter Include="헤더 파일\Container\Array">
      <UniqueIdentifier>{82ccf8aa-5f78-4fe8-946e-6d0eeb419908}</UniqueIdentifier>
    </Filter>
    <Filter Include="헤더 파일\Vector">
      <UniqueIdentifier>{75f017ae-ad18-4d42-ba73-b611f1d0a8bf}</UniqueIdentifier>
    </Filter>
    <Filter Include="헤더 파일\Container\Accessor">
      <UniqueIdentifier>{1afe3c0d-c489-4fa5-974d-901d5ba79711}</UniqueIdentifier>
    </Filter>
    <Filter Include="소스 파일\Container">
      <UniqueIdentifier>{f32d405d-8135-49f2-9dda-30d11eca5bfb}</UniqueIdentifier>
    </Filter>
    <Filter Include="소스 파일\Container\Array">
      <UniqueIdentifier>{d12bc67d-3c94-4067-a15c-ed6e0fac3c5a}</UniqueIdentifier>
    </Filter>
    <Filter Include="소스 파일\Container\Accessor">
      <UniqueIdentifier>{bf01cc02-08b9-4563-8d04-d4954a7581e8}</UniqueIdentifier>
    </Filter>
    <Filter Include="소스 파일\Vector">
      <UniqueIdentifier>{2d4ec173-1b70-4d5e-969f-625aaab45d69}</UniqueIdentifier>
    </Filter>
    <Filter Include="소스 파일\Field">
      <UniqueIdentifier>{f946d675-a357-4479-ae03-bb228b3224b2}</UniqueIdentifier>
    </Filter>
    <Filter Include="헤더 파일\Field">
      <UniqueIdentifier>{1226a0f8-d58a-48c5-8f55-f3e060dcbac7}</UniqueIdentifier>
    </Filter>
    <Filter Include="헤더 파일\Matrix">
      <UniqueIdentifier>{1f04b458-6c76-4ec6-806a-47d62e7ffca4}</UniqueIdentifier>
    </Filter>
  </ItemGroup>
  <ItemGroup>
    <ClInclude Include="Include\Define.hpp">
      <Filter>헤더 파일</Filter>
    </ClInclude>
    <ClInclude Include="Include\Vector.hpp">
      <Filter>헤더 파일\Vector</Filter>
    </ClInclude>
    <ClInclude Include="Include\utilpch.hpp">
      <Filter>헤더 파일</Filter>
    </ClInclude>
    <ClInclude Include="Include\Field3.hpp">
      <Filter>헤더 파일\Field</Filter>
    </ClInclude>
    <ClInclude Include="Include\FlatBuffer.hpp">
      <Filter>헤더 파일</Filter>
    </ClInclude>
    <ClInclude Include="Include\Serializable.hpp">
      <Filter>헤더 파일\Container</Filter>
    </ClInclude>
    <ClInclude Include="Include\Size.hpp">
      <Filter>헤더 파일</Filter>
    </ClInclude>
    <ClInclude Include="Include\Size2.hpp">
      <Filter>헤더 파일</Filter>
    </ClInclude>
    <ClInclude Include="Include\Size3.hpp">
      <Filter>헤더 파일</Filter>
    </ClInclude>
    <ClInclude Include="Include\Matrix.hpp">
      <Filter>헤더 파일\Matrix</Filter>
    </ClInclude>
  </ItemGroup>
  <ItemGroup>
    <ClCompile Include="Src\FlatBuffer.cpp">
      <Filter>소스 파일</Filter>
    </ClCompile>
    <ClCompile Include="Src\Vector.cpp">
      <Filter>소스 파일\Vector</Filter>
    </ClCompile>
    <ClCompile Include="Src\Field3.cpp">
      <Filter>소스 파일\Field</Filter>
    </ClCompile>
    <ClCompile Include="Src\Serializable.cpp">
      <Filter>소스 파일\Container</Filter>
    </ClCompile>
  </ItemGroup>
</Project>